
Microsoft Visual Studio Solution File, Format Version 12.00
# Visual Studio Version 16
VisualStudioVersion = 16.0.34301.259
MinimumVisualStudioVersion = 10.0.40219.1
Project("{2150E333-8FDC-42A3-9474-1A3956D46DE8}") = "Task0", "Task0", "{2489448B-A06A-4AAA-B1BC-2B6923203837}"
EndProject
Project("{FAE04EC0-301F-11D3-BF4B-00C04F79EFBC}") = "Tyuiu.KulakovEE.Sprint5.Task0.V16", "Tyuiu.KulakovEE.Sprint5.Task0.V16\Tyuiu.KulakovEE.Sprint5.Task0.V16.csproj", "{3B851DBC-3455-43E5-AF97-F2C32418B72C}"
EndProject
Project("{FAE04EC0-301F-11D3-BF4B-00C04F79EFBC}") = "Tyuiu.KulakovEE.Sprint5.Task0.V16.Lib", "Tyuiu.KulakovEE.Sprint5.Task0.V16.Lib\Tyuiu.KulakovEE.Sprint5.Task0.V16.Lib.csproj", "{42902913-7108-44A6-85D1-44A2E9F8D7F9}"
EndProject
Project("{FAE04EC0-301F-11D3-BF4B-00C04F79EFBC}") = "Tyuiu.KulakovEE.Sprint5.Task0.V16.Test", "Tyuiu.KulakovEE.Sprint5.Task0.V16.Test\Tyuiu.KulakovEE.Sprint5.Task0.V16.Test.csproj", "{791588B4-C03C-4E70-9950-BAE890D68D24}"
EndProject
Project("{2150E333-8FDC-42A3-9474-1A3956D46DE8}") = "Task1", "Task1", "{E0CC8523-2F16-4EDE-A7F8-64691F31EFBF}"
EndProject
Project("{FAE04EC0-301F-11D3-BF4B-00C04F79EFBC}") = "Tyuiu.KulakovEE.Sprint5.Task1.V1", "Tyuiu.KulakovEE.Sprint5.Task1.V1\Tyuiu.KulakovEE.Sprint5.Task1.V1.csproj", "{43B25123-C91D-4AD1-A6A8-CF5C6D513CE3}"
EndProject
Project("{FAE04EC0-301F-11D3-BF4B-00C04F79EFBC}") = "Tyuiu.KulakovEE.Sprint5.Task1.V1.Test", "Tyuiu.KulakovEE.Sprint5.Task1.V1.Test\Tyuiu.KulakovEE.Sprint5.Task1.V1.Test.csproj", "{F36FE107-7DBC-44D9-BE96-7BF091DB1119}"
EndProject
Project("{FAE04EC0-301F-11D3-BF4B-00C04F79EFBC}") = "Tyuiu.KulakovEE.Sprint5.Task1.V1.Lib", "Tyuiu.KulakovEE.Sprint5.Task1.V1.Lib\Tyuiu.KulakovEE.Sprint5.Task1.V1.Lib.csproj", "{C86A0D29-8967-449C-BBCB-CB37620EE8E3}"
EndProject
Project("{2150E333-8FDC-42A3-9474-1A3956D46DE8}") = "Task2", "Task2", "{1C8BD07A-859E-48D7-9068-3B5BF5B60EC8}"
EndProject
Project("{FAE04EC0-301F-11D3-BF4B-00C04F79EFBC}") = "Tyuiu.KulakovEE.Sprint5.Task2.V16", "Tyuiu.KulakovEE.Sprint5.Task2.V16\Tyuiu.KulakovEE.Sprint5.Task2.V16.csproj", "{61BE76ED-BB02-4A63-A3AD-F2AC31D329B2}"
EndProject
Project("{FAE04EC0-301F-11D3-BF4B-00C04F79EFBC}") = "Tyuiu.KulakovEE.Sprint5.Task2.V16.Lib", "Tyuiu.KulakovEE.Sprint5.Task2.V16.Lib\Tyuiu.KulakovEE.Sprint5.Task2.V16.Lib.csproj", "{52DAD84E-5677-474B-BE3B-79483FF0104D}"
EndProject
Project("{FAE04EC0-301F-11D3-BF4B-00C04F79EFBC}") = "Tyuiu.KulakovEE.Sprint5.Task2.V16.Test", "Tyuiu.KulakovEE.Sprint5.Task2.V16.Test\Tyuiu.KulakovEE.Sprint5.Task2.V16.Test.csproj", "{7A6A85E3-2999-4C42-B557-3D2ADE9465D4}"
EndProject
Project("{2150E333-8FDC-42A3-9474-1A3956D46DE8}") = "Task3", "Task3", "{3C1BF6D6-946C-45E4-931F-35F4351F5534}"
EndProject
Project("{FAE04EC0-301F-11D3-BF4B-00C04F79EFBC}") = "Tyuiu.KulakovEE.Sprint5.Task3.V28", "Tyuiu.KulakovEE.Sprint5.Task3.V28\Tyuiu.KulakovEE.Sprint5.Task3.V28.csproj", "{3FCF45FC-5D9D-41DD-9B97-69DB72C6FAFE}"
EndProject
Project("{FAE04EC0-301F-11D3-BF4B-00C04F79EFBC}") = "Tyuiu.KulakovEE.Sprint5.Task3.V28.Lib", "Tyuiu.KulakovEE.Sprint5.Task3.V28.Lib\Tyuiu.KulakovEE.Sprint5.Task3.V28.Lib.csproj", "{534A5735-74B5-4C23-A3BA-268E618650BA}"
EndProject
Project("{FAE04EC0-301F-11D3-BF4B-00C04F79EFBC}") = "Tyuiu.KulakovEE.Sprint5.Task3.V28.Test", "Tyuiu.KulakovEE.Sprint5.Task3.V28.Test\Tyuiu.KulakovEE.Sprint5.Task3.V28.Test.csproj", "{502476BB-6D1D-41C0-841F-DBA7C7625E79}"
EndProject
Project("{2150E333-8FDC-42A3-9474-1A3956D46DE8}") = "Task4", "Task4", "{4DCFA680-AF43-412A-B9C8-3185F0F90E00}"
EndProject
Project("{FAE04EC0-301F-11D3-BF4B-00C04F79EFBC}") = "Tyuiu.KulakovEE.Sprint5.Task4.V14", "Tyuiu.KulakovEE.Sprint5.Task4.V14\Tyuiu.KulakovEE.Sprint5.Task4.V14.csproj", "{ACA1B1BF-66D1-402E-910D-6F502E1B4F6A}"
EndProject
Project("{FAE04EC0-301F-11D3-BF4B-00C04F79EFBC}") = "Tyuiu.KulakovEE.Sprint5.Task4.V14.Lib", "Tyuiu.KulakovEE.Sprint5.Task4.V14.Lib\Tyuiu.KulakovEE.Sprint5.Task4.V14.Lib.csproj", "{28D017BA-C712-4318-8D39-AFC2F15EF4F3}"
EndProject
Project("{FAE04EC0-301F-11D3-BF4B-00C04F79EFBC}") = "Tyuiu.KulakovEE.Sprint5.Task4.V14.Test", "Tyuiu.KulakovEE.Sprint5.Task4.V14.Test\Tyuiu.KulakovEE.Sprint5.Task4.V14.Test.csproj", "{A8CB5C89-050A-42D0-A7C1-B11CF8B5EFEC}"
EndProject
Project("{2150E333-8FDC-42A3-9474-1A3956D46DE8}") = "Task5", "Task5", "{B880DE68-D6C4-49F2-BD5D-87ED3C03692A}"
EndProject
Project("{FAE04EC0-301F-11D3-BF4B-00C04F79EFBC}") = "Tyuiu.KulakovEE.Sprint5.Task5.V28", "Tyuiu.KulakovEE.Sprint5.Task5.V28\Tyuiu.KulakovEE.Sprint5.Task5.V28.csproj", "{E8C9442A-5E51-4141-8411-DD49CE0A0A2A}"
EndProject
Project("{FAE04EC0-301F-11D3-BF4B-00C04F79EFBC}") = "Tyuiu.KulakovEE.Sprint5.Task5.V28.Test", "Tyuiu.KulakovEE.Sprint5.Task5.V28.Test\Tyuiu.KulakovEE.Sprint5.Task5.V28.Test.csproj", "{0C9B0240-8AFC-4516-A3B9-9AA5529ED5CD}"
EndProject
Project("{FAE04EC0-301F-11D3-BF4B-00C04F79EFBC}") = "Tyuiu.KulakovEE.Sprint5.Task5.V28.Lib", "Tyuiu.KulakovEE.Sprint5.Task5.V28.Lib\Tyuiu.KulakovEE.Sprint5.Task5.V28.Lib.csproj", "{35485F18-7862-4D7B-9AC1-59D8A1557225}"
EndProject
Project("{2150E333-8FDC-42A3-9474-1A3956D46DE8}") = "Task6", "Task6", "{1F13A819-5F59-4629-851F-456DEA71E13B}"
EndProject
Project("{FAE04EC0-301F-11D3-BF4B-00C04F79EFBC}") = "Tyuiu.KulakovEE.Sprint5.Task6.V22", "Tyuiu.KulakovEE.Sprint5.Task6.V22\Tyuiu.KulakovEE.Sprint5.Task6.V22.csproj", "{C05A58FD-D183-421C-AEF5-A0F527BBAE2C}"
EndProject
Project("{FAE04EC0-301F-11D3-BF4B-00C04F79EFBC}") = "Tyuiu.KulakovEE.Sprint5.Task6.V22.Test", "Tyuiu.KulakovEE.Sprint5.Task6.V22.Test\Tyuiu.KulakovEE.Sprint5.Task6.V22.Test.csproj", "{ED1B0A50-EA2A-4800-AE21-AB2DD1176E13}"
EndProject
Project("{FAE04EC0-301F-11D3-BF4B-00C04F79EFBC}") = "Tyuiu.KulakovEE.Sprint5.Task6.V22.Lib", "Tyuiu.KulakovEE.Sprint5.Task6.V22.Lib\Tyuiu.KulakovEE.Sprint5.Task6.V22.Lib.csproj", "{C9528F79-CB48-4AE6-B2FA-140B8B948AF0}"
EndProject
Project("{2150E333-8FDC-42A3-9474-1A3956D46DE8}") = "Task7", "Task7", "{67320263-CB83-4FAA-85FF-32A351282F0A}"
EndProject
Project("{FAE04EC0-301F-11D3-BF4B-00C04F79EFBC}") = "Tyuiu.KulakovEE.Sprint5.Task7.V20", "Tyuiu.KulakovEE.Sprint5.Task7.V20\Tyuiu.KulakovEE.Sprint5.Task7.V20.csproj", "{4B591C04-91BD-480A-961D-26B163E8BA7D}"
EndProject
Project("{FAE04EC0-301F-11D3-BF4B-00C04F79EFBC}") = "Tyuiu.KulakovEE.Sprint5.Task7.V20.Lib", "Tyuiu.KulakovEE.Sprint5.Task7.V20.Lib\Tyuiu.KulakovEE.Sprint5.Task7.V20.Lib.csproj", "{ADBD6054-8C1A-4577-8220-9CFD5E54F8DB}"
EndProject
Project("{FAE04EC0-301F-11D3-BF4B-00C04F79EFBC}") = "Tyuiu.KulakovEE.Sprint5.Task7.V20.Test", "Tyuiu.KulakovEE.Sprint5.Task7.V20.Test\Tyuiu.KulakovEE.Sprint5.Task7.V20.Test.csproj", "{71B9C606-B9BF-4250-A07E-17768E4503F9}"
EndProject
Global
	GlobalSection(SolutionConfigurationPlatforms) = preSolution
		Debug|Any CPU = Debug|Any CPU
		Release|Any CPU = Release|Any CPU
	EndGlobalSection
	GlobalSection(ProjectConfigurationPlatforms) = postSolution
		{3B851DBC-3455-43E5-AF97-F2C32418B72C}.Debug|Any CPU.ActiveCfg = Debug|Any CPU
		{3B851DBC-3455-43E5-AF97-F2C32418B72C}.Debug|Any CPU.Build.0 = Debug|Any CPU
		{3B851DBC-3455-43E5-AF97-F2C32418B72C}.Release|Any CPU.ActiveCfg = Release|Any CPU
		{3B851DBC-3455-43E5-AF97-F2C32418B72C}.Release|Any CPU.Build.0 = Release|Any CPU
		{42902913-7108-44A6-85D1-44A2E9F8D7F9}.Debug|Any CPU.ActiveCfg = Debug|Any CPU
		{42902913-7108-44A6-85D1-44A2E9F8D7F9}.Debug|Any CPU.Build.0 = Debug|Any CPU
		{42902913-7108-44A6-85D1-44A2E9F8D7F9}.Release|Any CPU.ActiveCfg = Release|Any CPU
		{42902913-7108-44A6-85D1-44A2E9F8D7F9}.Release|Any CPU.Build.0 = Release|Any CPU
		{791588B4-C03C-4E70-9950-BAE890D68D24}.Debug|Any CPU.ActiveCfg = Debug|Any CPU
		{791588B4-C03C-4E70-9950-BAE890D68D24}.Debug|Any CPU.Build.0 = Debug|Any CPU
		{791588B4-C03C-4E70-9950-BAE890D68D24}.Release|Any CPU.ActiveCfg = Release|Any CPU
		{791588B4-C03C-4E70-9950-BAE890D68D24}.Release|Any CPU.Build.0 = Release|Any CPU
		{43B25123-C91D-4AD1-A6A8-CF5C6D513CE3}.Debug|Any CPU.ActiveCfg = Debug|Any CPU
		{43B25123-C91D-4AD1-A6A8-CF5C6D513CE3}.Debug|Any CPU.Build.0 = Debug|Any CPU
		{43B25123-C91D-4AD1-A6A8-CF5C6D513CE3}.Release|Any CPU.ActiveCfg = Release|Any CPU
		{43B25123-C91D-4AD1-A6A8-CF5C6D513CE3}.Release|Any CPU.Build.0 = Release|Any CPU
		{F36FE107-7DBC-44D9-BE96-7BF091DB1119}.Debug|Any CPU.ActiveCfg = Debug|Any CPU
		{F36FE107-7DBC-44D9-BE96-7BF091DB1119}.Debug|Any CPU.Build.0 = Debug|Any CPU
		{F36FE107-7DBC-44D9-BE96-7BF091DB1119}.Release|Any CPU.ActiveCfg = Release|Any CPU
		{F36FE107-7DBC-44D9-BE96-7BF091DB1119}.Release|Any CPU.Build.0 = Release|Any CPU
		{C86A0D29-8967-449C-BBCB-CB37620EE8E3}.Debug|Any CPU.ActiveCfg = Debug|Any CPU
		{C86A0D29-8967-449C-BBCB-CB37620EE8E3}.Debug|Any CPU.Build.0 = Debug|Any CPU
		{C86A0D29-8967-449C-BBCB-CB37620EE8E3}.Release|Any CPU.ActiveCfg = Release|Any CPU
		{C86A0D29-8967-449C-BBCB-CB37620EE8E3}.Release|Any CPU.Build.0 = Release|Any CPU
		{61BE76ED-BB02-4A63-A3AD-F2AC31D329B2}.Debug|Any CPU.ActiveCfg = Debug|Any CPU
		{61BE76ED-BB02-4A63-A3AD-F2AC31D329B2}.Debug|Any CPU.Build.0 = Debug|Any CPU
		{61BE76ED-BB02-4A63-A3AD-F2AC31D329B2}.Release|Any CPU.ActiveCfg = Release|Any CPU
		{61BE76ED-BB02-4A63-A3AD-F2AC31D329B2}.Release|Any CPU.Build.0 = Release|Any CPU
		{52DAD84E-5677-474B-BE3B-79483FF0104D}.Debug|Any CPU.ActiveCfg = Debug|Any CPU
		{52DAD84E-5677-474B-BE3B-79483FF0104D}.Debug|Any CPU.Build.0 = Debug|Any CPU
		{52DAD84E-5677-474B-BE3B-79483FF0104D}.Release|Any CPU.ActiveCfg = Release|Any CPU
		{52DAD84E-5677-474B-BE3B-79483FF0104D}.Release|Any CPU.Build.0 = Release|Any CPU
		{7A6A85E3-2999-4C42-B557-3D2ADE9465D4}.Debug|Any CPU.ActiveCfg = Debug|Any CPU
		{7A6A85E3-2999-4C42-B557-3D2ADE9465D4}.Debug|Any CPU.Build.0 = Debug|Any CPU
		{7A6A85E3-2999-4C42-B557-3D2ADE9465D4}.Release|Any CPU.ActiveCfg = Release|Any CPU
		{7A6A85E3-2999-4C42-B557-3D2ADE9465D4}.Release|Any CPU.Build.0 = Release|Any CPU
		{3FCF45FC-5D9D-41DD-9B97-69DB72C6FAFE}.Debug|Any CPU.ActiveCfg = Debug|Any CPU
		{3FCF45FC-5D9D-41DD-9B97-69DB72C6FAFE}.Debug|Any CPU.Build.0 = Debug|Any CPU
		{3FCF45FC-5D9D-41DD-9B97-69DB72C6FAFE}.Release|Any CPU.ActiveCfg = Release|Any CPU
		{3FCF45FC-5D9D-41DD-9B97-69DB72C6FAFE}.Release|Any CPU.Build.0 = Release|Any CPU
		{534A5735-74B5-4C23-A3BA-268E618650BA}.Debug|Any CPU.ActiveCfg = Debug|Any CPU
		{534A5735-74B5-4C23-A3BA-268E618650BA}.Debug|Any CPU.Build.0 = Debug|Any CPU
		{534A5735-74B5-4C23-A3BA-268E618650BA}.Release|Any CPU.ActiveCfg = Release|Any CPU
		{534A5735-74B5-4C23-A3BA-268E618650BA}.Release|Any CPU.Build.0 = Release|Any CPU
		{502476BB-6D1D-41C0-841F-DBA7C7625E79}.Debug|Any CPU.ActiveCfg = Debug|Any CPU
		{502476BB-6D1D-41C0-841F-DBA7C7625E79}.Debug|Any CPU.Build.0 = Debug|Any CPU
		{502476BB-6D1D-41C0-841F-DBA7C7625E79}.Release|Any CPU.ActiveCfg = Release|Any CPU
		{502476BB-6D1D-41C0-841F-DBA7C7625E79}.Release|Any CPU.Build.0 = Release|Any CPU
		{ACA1B1BF-66D1-402E-910D-6F502E1B4F6A}.Debug|Any CPU.ActiveCfg = Debug|Any CPU
		{ACA1B1BF-66D1-402E-910D-6F502E1B4F6A}.Debug|Any CPU.Build.0 = Debug|Any CPU
		{ACA1B1BF-66D1-402E-910D-6F502E1B4F6A}.Release|Any CPU.ActiveCfg = Release|Any CPU
		{ACA1B1BF-66D1-402E-910D-6F502E1B4F6A}.Release|Any CPU.Build.0 = Release|Any CPU
		{28D017BA-C712-4318-8D39-AFC2F15EF4F3}.Debug|Any CPU.ActiveCfg = Debug|Any CPU
		{28D017BA-C712-4318-8D39-AFC2F15EF4F3}.Debug|Any CPU.Build.0 = Debug|Any CPU
		{28D017BA-C712-4318-8D39-AFC2F15EF4F3}.Release|Any CPU.ActiveCfg = Release|Any CPU
		{28D017BA-C712-4318-8D39-AFC2F15EF4F3}.Release|Any CPU.Build.0 = Release|Any CPU
		{A8CB5C89-050A-42D0-A7C1-B11CF8B5EFEC}.Debug|Any CPU.ActiveCfg = Debug|Any CPU
		{A8CB5C89-050A-42D0-A7C1-B11CF8B5EFEC}.Debug|Any CPU.Build.0 = Debug|Any CPU
		{A8CB5C89-050A-42D0-A7C1-B11CF8B5EFEC}.Release|Any CPU.ActiveCfg = Release|Any CPU
		{A8CB5C89-050A-42D0-A7C1-B11CF8B5EFEC}.Release|Any CPU.Build.0 = Release|Any CPU
		{E8C9442A-5E51-4141-8411-DD49CE0A0A2A}.Debug|Any CPU.ActiveCfg = Debug|Any CPU
		{E8C9442A-5E51-4141-8411-DD49CE0A0A2A}.Debug|Any CPU.Build.0 = Debug|Any CPU
		{E8C9442A-5E51-4141-8411-DD49CE0A0A2A}.Release|Any CPU.ActiveCfg = Release|Any CPU
		{E8C9442A-5E51-4141-8411-DD49CE0A0A2A}.Release|Any CPU.Build.0 = Release|Any CPU
		{0C9B0240-8AFC-4516-A3B9-9AA5529ED5CD}.Debug|Any CPU.ActiveCfg = Debug|Any CPU
		{0C9B0240-8AFC-4516-A3B9-9AA5529ED5CD}.Debug|Any CPU.Build.0 = Debug|Any CPU
		{0C9B0240-8AFC-4516-A3B9-9AA5529ED5CD}.Release|Any CPU.ActiveCfg = Release|Any CPU
		{0C9B0240-8AFC-4516-A3B9-9AA5529ED5CD}.Release|Any CPU.Build.0 = Release|Any CPU
		{35485F18-7862-4D7B-9AC1-59D8A1557225}.Debug|Any CPU.ActiveCfg = Debug|Any CPU
		{35485F18-7862-4D7B-9AC1-59D8A1557225}.Debug|Any CPU.Build.0 = Debug|Any CPU
		{35485F18-7862-4D7B-9AC1-59D8A1557225}.Release|Any CPU.ActiveCfg = Release|Any CPU
		{35485F18-7862-4D7B-9AC1-59D8A1557225}.Release|Any CPU.Build.0 = Release|Any CPU
		{C05A58FD-D183-421C-AEF5-A0F527BBAE2C}.Debug|Any CPU.ActiveCfg = Debug|Any CPU
		{C05A58FD-D183-421C-AEF5-A0F527BBAE2C}.Debug|Any CPU.Build.0 = Debug|Any CPU
		{C05A58FD-D183-421C-AEF5-A0F527BBAE2C}.Release|Any CPU.ActiveCfg = Release|Any CPU
		{C05A58FD-D183-421C-AEF5-A0F527BBAE2C}.Release|Any CPU.Build.0 = Release|Any CPU
		{ED1B0A50-EA2A-4800-AE21-AB2DD1176E13}.Debug|Any CPU.ActiveCfg = Debug|Any CPU
		{ED1B0A50-EA2A-4800-AE21-AB2DD1176E13}.Debug|Any CPU.Build.0 = Debug|Any CPU
		{ED1B0A50-EA2A-4800-AE21-AB2DD1176E13}.Release|Any CPU.ActiveCfg = Release|Any CPU
		{ED1B0A50-EA2A-4800-AE21-AB2DD1176E13}.Release|Any CPU.Build.0 = Release|Any CPU
		{C9528F79-CB48-4AE6-B2FA-140B8B948AF0}.Debug|Any CPU.ActiveCfg = Debug|Any CPU
		{C9528F79-CB48-4AE6-B2FA-140B8B948AF0}.Debug|Any CPU.Build.0 = Debug|Any CPU
		{C9528F79-CB48-4AE6-B2FA-140B8B948AF0}.Release|Any CPU.ActiveCfg = Release|Any CPU
		{C9528F79-CB48-4AE6-B2FA-140B8B948AF0}.Release|Any CPU.Build.0 = Release|Any CPU
		{4B591C04-91BD-480A-961D-26B163E8BA7D}.Debug|Any CPU.ActiveCfg = Debug|Any CPU
		{4B591C04-91BD-480A-961D-26B163E8BA7D}.Debug|Any CPU.Build.0 = Debug|Any CPU
		{4B591C04-91BD-480A-961D-26B163E8BA7D}.Release|Any CPU.ActiveCfg = Release|Any CPU
		{4B591C04-91BD-480A-961D-26B163E8BA7D}.Release|Any CPU.Build.0 = Release|Any CPU
		{ADBD6054-8C1A-4577-8220-9CFD5E54F8DB}.Debug|Any CPU.ActiveCfg = Debug|Any CPU
		{ADBD6054-8C1A-4577-8220-9CFD5E54F8DB}.Debug|Any CPU.Build.0 = Debug|Any CPU
		{ADBD6054-8C1A-4577-8220-9CFD5E54F8DB}.Release|Any CPU.ActiveCfg = Release|Any CPU
		{ADBD6054-8C1A-4577-8220-9CFD5E54F8DB}.Release|Any CPU.Build.0 = Release|Any CPU
		{71B9C606-B9BF-4250-A07E-17768E4503F9}.Debug|Any CPU.ActiveCfg = Debug|Any CPU
		{71B9C606-B9BF-4250-A07E-17768E4503F9}.Debug|Any CPU.Build.0 = Debug|Any CPU
		{71B9C606-B9BF-4250-A07E-17768E4503F9}.Release|Any CPU.ActiveCfg = Release|Any CPU
		{71B9C606-B9BF-4250-A07E-17768E4503F9}.Release|Any CPU.Build.0 = Release|Any CPU
	EndGlobalSection
	GlobalSection(SolutionProperties) = preSolution
		HideSolutionNode = FALSE
	EndGlobalSection
	GlobalSection(NestedProjects) = preSolution
		{3B851DBC-3455-43E5-AF97-F2C32418B72C} = {2489448B-A06A-4AAA-B1BC-2B6923203837}
		{42902913-7108-44A6-85D1-44A2E9F8D7F9} = {2489448B-A06A-4AAA-B1BC-2B6923203837}
		{791588B4-C03C-4E70-9950-BAE890D68D24} = {2489448B-A06A-4AAA-B1BC-2B6923203837}
		{43B25123-C91D-4AD1-A6A8-CF5C6D513CE3} = {E0CC8523-2F16-4EDE-A7F8-64691F31EFBF}
		{F36FE107-7DBC-44D9-BE96-7BF091DB1119} = {E0CC8523-2F16-4EDE-A7F8-64691F31EFBF}
		{C86A0D29-8967-449C-BBCB-CB37620EE8E3} = {E0CC8523-2F16-4EDE-A7F8-64691F31EFBF}
		{61BE76ED-BB02-4A63-A3AD-F2AC31D329B2} = {1C8BD07A-859E-48D7-9068-3B5BF5B60EC8}
		{52DAD84E-5677-474B-BE3B-79483FF0104D} = {1C8BD07A-859E-48D7-9068-3B5BF5B60EC8}
		{7A6A85E3-2999-4C42-B557-3D2ADE9465D4} = {1C8BD07A-859E-48D7-9068-3B5BF5B60EC8}
		{3FCF45FC-5D9D-41DD-9B97-69DB72C6FAFE} = {3C1BF6D6-946C-45E4-931F-35F4351F5534}
		{534A5735-74B5-4C23-A3BA-268E618650BA} = {3C1BF6D6-946C-45E4-931F-35F4351F5534}
		{502476BB-6D1D-41C0-841F-DBA7C7625E79} = {3C1BF6D6-946C-45E4-931F-35F4351F5534}
		{ACA1B1BF-66D1-402E-910D-6F502E1B4F6A} = {4DCFA680-AF43-412A-B9C8-3185F0F90E00}
		{28D017BA-C712-4318-8D39-AFC2F15EF4F3} = {4DCFA680-AF43-412A-B9C8-3185F0F90E00}
		{A8CB5C89-050A-42D0-A7C1-B11CF8B5EFEC} = {4DCFA680-AF43-412A-B9C8-3185F0F90E00}
		{E8C9442A-5E51-4141-8411-DD49CE0A0A2A} = {B880DE68-D6C4-49F2-BD5D-87ED3C03692A}
		{0C9B0240-8AFC-4516-A3B9-9AA5529ED5CD} = {B880DE68-D6C4-49F2-BD5D-87ED3C03692A}
		{35485F18-7862-4D7B-9AC1-59D8A1557225} = {B880DE68-D6C4-49F2-BD5D-87ED3C03692A}
		{C05A58FD-D183-421C-AEF5-A0F527BBAE2C} = {1F13A819-5F59-4629-851F-456DEA71E13B}
		{ED1B0A50-EA2A-4800-AE21-AB2DD1176E13} = {1F13A819-5F59-4629-851F-456DEA71E13B}
		{C9528F79-CB48-4AE6-B2FA-140B8B948AF0} = {1F13A819-5F59-4629-851F-456DEA71E13B}
		{4B591C04-91BD-480A-961D-26B163E8BA7D} = {67320263-CB83-4FAA-85FF-32A351282F0A}
		{ADBD6054-8C1A-4577-8220-9CFD5E54F8DB} = {67320263-CB83-4FAA-85FF-32A351282F0A}
		{71B9C606-B9BF-4250-A07E-17768E4503F9} = {67320263-CB83-4FAA-85FF-32A351282F0A}
	EndGlobalSection
	GlobalSection(ExtensibilityGlobals) = postSolution
		SolutionGuid = {676E4F8A-830E-47CA-9BFD-9E3B1AE03EEE}
	EndGlobalSection
EndGlobal
